
Microsoft Visual Studio Solution File, Format Version 12.00
# Visual Studio Version 16
VisualStudioVersion = 16.0.30114.105
MinimumVisualStudioVersion = 10.0.40219.1
Project("{FAE04EC0-301F-11D3-BF4B-00C04F79EFBC}") = "ObslugaLoterii", "ObslugaLoterii\ObslugaLoterii.csproj", "{EBAC1327-0A70-4884-A804-6C8CF4CDEADB}"
EndProject
Project("{FAE04EC0-301F-11D3-BF4B-00C04F79EFBC}") = "ObslugaLoteriiTests", "ObslugaLoteriiTests\ObslugaLoteriiTests.csproj", "{B432275C-CC47-45A9-8AA9-5C988FE06D3B}"
EndProject
Global
	GlobalSection(SolutionConfigurationPlatforms) = preSolution
		Debug|Any CPU = Debug|Any CPU
		Release|Any CPU = Release|Any CPU
	EndGlobalSection
	GlobalSection(ProjectConfigurationPlatforms) = postSolution
		{EBAC1327-0A70-4884-A804-6C8CF4CDEADB}.Debug|Any CPU.ActiveCfg = Debug|Any CPU
		{EBAC1327-0A70-4884-A804-6C8CF4CDEADB}.Debug|Any CPU.Build.0 = Debug|Any CPU
		{EBAC1327-0A70-4884-A804-6C8CF4CDEADB}.Release|Any CPU.ActiveCfg = Release|Any CPU
		{EBAC1327-0A70-4884-A804-6C8CF4CDEADB}.Release|Any CPU.Build.0 = Release|Any CPU
		{B432275C-CC47-45A9-8AA9-5C988FE06D3B}.Debug|Any CPU.ActiveCfg = Debug|Any CPU
		{B432275C-CC47-45A9-8AA9-5C988FE06D3B}.Debug|Any CPU.Build.0 = Debug|Any CPU
		{B432275C-CC47-45A9-8AA9-5C988FE06D3B}.Release|Any CPU.ActiveCfg = Release|Any CPU
		{B432275C-CC47-45A9-8AA9-5C988FE06D3B}.Release|Any CPU.Build.0 = Release|Any CPU
	EndGlobalSection
	GlobalSection(SolutionProperties) = preSolution
		HideSolutionNode = FALSE
	EndGlobalSection
	GlobalSection(ExtensibilityGlobals) = postSolution
		SolutionGuid = {7D391D4D-9866-4EEA-99F8-B36760515413}
	EndGlobalSection
EndGlobal
